
Microsoft Visual Studio Solution File, Format Version 12.00
# Visual Studio Version 16
VisualStudioVersion = 16.0.30323.103
MinimumVisualStudioVersion = 10.0.40219.1
Project("{FAE04EC0-301F-11D3-BF4B-00C04F79EFBC}") = "MadLedSDKDemo", "MadLedSDK\MadLedSDKDemo.csproj", "{28283822-1D5E-4B3F-89DD-97E19AD32216}"
EndProject
Project("{FAE04EC0-301F-11D3-BF4B-00C04F79EFBC}") = "SimpleLEDSDK", "MadLedFrameworkSDK\SimpleLEDSDK.csproj", "{EB4729F4-0BF6-41D3-9548-F8C7846A2025}"
EndProject
Project("{FAE04EC0-301F-11D3-BF4B-00C04F79EFBC}") = "MadLedSLSDriver", "MadLedSLSDriver\MadLedSLSDriver.csproj", "{24BA8183-4F39-4B48-8A77-A4B747B3AC44}"
EndProject
Project("{FAE04EC0-301F-11D3-BF4B-00C04F79EFBC}") = "SimpleRGBCycleProvider", "SimpleRGBCycleProvider\SimpleRGBCycleProvider.csproj", "{2F2DCF20-EF2E-4AFD-B9C2-AF0CED35F9EA}"
EndProject
Project("{FAE04EC0-301F-11D3-BF4B-00C04F79EFBC}") = "MSIProvider", "MSIProvider\MSIProvider.csproj", "{A7382BF4-6F4E-4A39-A400-716064DB3CF0}"
EndProject
Project("{FAE04EC0-301F-11D3-BF4B-00C04F79EFBC}") = "FanClock", "FanClock\FanClock.csproj", "{5CD6AF70-F8BA-42E9-9110-3BAAC9C26E2F}"
EndProject
Project("{2150E333-8FDC-42A3-9474-1A3956D46DE8}") = "Drivers", "Drivers", "{94291A32-34A9-4545-93E4-A8AD25C19DEE}"
EndProject
Project("{2150E333-8FDC-42A3-9474-1A3956D46DE8}") = "Interface", "Interface", "{DCEC326B-68BE-4BF5-9C62-0BFBE449E66E}"
EndProject
Project("{FAE04EC0-301F-11D3-BF4B-00C04F79EFBC}") = "ICUEDriver", "ICUEDriver\ICUEDriver.csproj", "{70B37817-C149-46C1-A6F5-D83D9CCA8640}"
EndProject
Global
	GlobalSection(SolutionConfigurationPlatforms) = preSolution
		Debug|Any CPU = Debug|Any CPU
		Release|Any CPU = Release|Any CPU
	EndGlobalSection
	GlobalSection(ProjectConfigurationPlatforms) = postSolution
		{28283822-1D5E-4B3F-89DD-97E19AD32216}.Debug|Any CPU.ActiveCfg = Debug|Any CPU
		{28283822-1D5E-4B3F-89DD-97E19AD32216}.Debug|Any CPU.Build.0 = Debug|Any CPU
		{28283822-1D5E-4B3F-89DD-97E19AD32216}.Release|Any CPU.ActiveCfg = Release|Any CPU
		{28283822-1D5E-4B3F-89DD-97E19AD32216}.Release|Any CPU.Build.0 = Release|Any CPU
		{EB4729F4-0BF6-41D3-9548-F8C7846A2025}.Debug|Any CPU.ActiveCfg = Debug|Any CPU
		{EB4729F4-0BF6-41D3-9548-F8C7846A2025}.Debug|Any CPU.Build.0 = Debug|Any CPU
		{EB4729F4-0BF6-41D3-9548-F8C7846A2025}.Release|Any CPU.ActiveCfg = Release|Any CPU
		{EB4729F4-0BF6-41D3-9548-F8C7846A2025}.Release|Any CPU.Build.0 = Release|Any CPU
		{24BA8183-4F39-4B48-8A77-A4B747B3AC44}.Debug|Any CPU.ActiveCfg = Debug|Any CPU
		{24BA8183-4F39-4B48-8A77-A4B747B3AC44}.Debug|Any CPU.Build.0 = Debug|Any CPU
		{24BA8183-4F39-4B48-8A77-A4B747B3AC44}.Release|Any CPU.ActiveCfg = Release|Any CPU
		{24BA8183-4F39-4B48-8A77-A4B747B3AC44}.Release|Any CPU.Build.0 = Release|Any CPU
		{2F2DCF20-EF2E-4AFD-B9C2-AF0CED35F9EA}.Debug|Any CPU.ActiveCfg = Debug|Any CPU
		{2F2DCF20-EF2E-4AFD-B9C2-AF0CED35F9EA}.Debug|Any CPU.Build.0 = Debug|Any CPU
		{2F2DCF20-EF2E-4AFD-B9C2-AF0CED35F9EA}.Release|Any CPU.ActiveCfg = Release|Any CPU
		{2F2DCF20-EF2E-4AFD-B9C2-AF0CED35F9EA}.Release|Any CPU.Build.0 = Release|Any CPU
		{A7382BF4-6F4E-4A39-A400-716064DB3CF0}.Debug|Any CPU.ActiveCfg = Debug|Any CPU
		{A7382BF4-6F4E-4A39-A400-716064DB3CF0}.Debug|Any CPU.Build.0 = Debug|Any CPU
		{A7382BF4-6F4E-4A39-A400-716064DB3CF0}.Release|Any CPU.ActiveCfg = Release|Any CPU
		{A7382BF4-6F4E-4A39-A400-716064DB3CF0}.Release|Any CPU.Build.0 = Release|Any CPU
		{5CD6AF70-F8BA-42E9-9110-3BAAC9C26E2F}.Debug|Any CPU.ActiveCfg = Debug|Any CPU
		{5CD6AF70-F8BA-42E9-9110-3BAAC9C26E2F}.Debug|Any CPU.Build.0 = Debug|Any CPU
		{5CD6AF70-F8BA-42E9-9110-3BAAC9C26E2F}.Release|Any CPU.ActiveCfg = Release|Any CPU
		{5CD6AF70-F8BA-42E9-9110-3BAAC9C26E2F}.Release|Any CPU.Build.0 = Release|Any CPU
		{70B37817-C149-46C1-A6F5-D83D9CCA8640}.Debug|Any CPU.ActiveCfg = Debug|Any CPU
		{70B37817-C149-46C1-A6F5-D83D9CCA8640}.Debug|Any CPU.Build.0 = Debug|Any CPU
		{70B37817-C149-46C1-A6F5-D83D9CCA8640}.Release|Any CPU.ActiveCfg = Release|Any CPU
		{70B37817-C149-46C1-A6F5-D83D9CCA8640}.Release|Any CPU.Build.0 = Release|Any CPU
	EndGlobalSection
	GlobalSection(SolutionProperties) = preSolution
		HideSolutionNode = FALSE
	EndGlobalSection
	GlobalSection(NestedProjects) = preSolution
		{EB4729F4-0BF6-41D3-9548-F8C7846A2025} = {DCEC326B-68BE-4BF5-9C62-0BFBE449E66E}
		{24BA8183-4F39-4B48-8A77-A4B747B3AC44} = {94291A32-34A9-4545-93E4-A8AD25C19DEE}
		{2F2DCF20-EF2E-4AFD-B9C2-AF0CED35F9EA} = {94291A32-34A9-4545-93E4-A8AD25C19DEE}
		{A7382BF4-6F4E-4A39-A400-716064DB3CF0} = {94291A32-34A9-4545-93E4-A8AD25C19DEE}
		{5CD6AF70-F8BA-42E9-9110-3BAAC9C26E2F} = {94291A32-34A9-4545-93E4-A8AD25C19DEE}
		{70B37817-C149-46C1-A6F5-D83D9CCA8640} = {94291A32-34A9-4545-93E4-A8AD25C19DEE}
	EndGlobalSection
	GlobalSection(ExtensibilityGlobals) = postSolution
		SolutionGuid = {13AEE829-92AB-4F9F-84BA-36654FF44E5B}
	EndGlobalSection
EndGlobal
